
Microsoft Visual Studio Solution File, Format Version 12.00
# Visual Studio Version 16
VisualStudioVersion = 16.0.31105.61
MinimumVisualStudioVersion = 10.0.40219.1
Project("{FAE04EC0-301F-11D3-BF4B-00C04F79EFBC}") = "teampro", "teampro.csproj", "{542E7791-A47D-4B84-8BB9-F47C549C47D4}"
EndProject
Global
	GlobalSection(SolutionConfigurationPlatforms) = preSolution
		Debug|Any CPU = Debug|Any CPU
		Release|Any CPU = Release|Any CPU
	EndGlobalSection
	GlobalSection(ProjectConfigurationPlatforms) = postSolution
		{542E7791-A47D-4B84-8BB9-F47C549C47D4}.Debug|Any CPU.ActiveCfg = Debug|Any CPU
		{542E7791-A47D-4B84-8BB9-F47C549C47D4}.Debug|Any CPU.Build.0 = Debug|Any CPU
		{542E7791-A47D-4B84-8BB9-F47C549C47D4}.Release|Any CPU.ActiveCfg = Release|Any CPU
		{542E7791-A47D-4B84-8BB9-F47C549C47D4}.Release|Any CPU.Build.0 = Release|Any CPU
	EndGlobalSection
	GlobalSection(SolutionProperties) = preSolution
		HideSolutionNode = FALSE
	EndGlobalSection
	GlobalSection(ExtensibilityGlobals) = postSolution
		SolutionGuid = {089D9C57-868E-473B-A491-6496CAC2252A}
	EndGlobalSection
EndGlobal
